payload:
  - DOMAIN-KEYWORD,adservice,❌AdBlock
  - DOMAIN-KEYWORD,analytics,❌AdBlock
  - DOMAIN-KEYWORD,analysis,❌AdBlock
  - DOMAIN-SUFFIX,3lift.com,❌AdBlock
  - DOMAIN-SUFFIX,4006825178.com,❌AdBlock
  - DOMAIN-SUFFIX,51.la,❌AdBlock
  - DOMAIN-SUFFIX,550tg.com,❌AdBlock
  - DOMAIN-SUFFIX,56txs4.com,❌AdBlock
  - DOMAIN-SUFFIX,ad373.com,❌AdBlock
  - DOMAIN-SUFFIX,ad4screen.com,❌AdBlock
  - DOMAIN-SUFFIX,ad-brix.com,❌AdBlock
  - DOMAIN-SUFFIX,adcolony.com,❌AdBlock
  - DOMAIN-SUFFIX,adform.net,❌AdBlock
  - DOMAIN-SUFFIX,adinall.com,❌AdBlock
  - DOMAIN-SUFFIX,adinfuse.com,❌AdBlock
  - DOMAIN-SUFFIX,adjust.com,❌AdBlock
  - DOMAIN-SUFFIX,adjust.io,❌AdBlock
  - DOMAIN-SUFFIX,adkmob.com,❌AdBlock
  - DOMAIN-SUFFIX,adlefee.com,❌AdBlock
  - DOMAIN-SUFFIX,admantx.com,❌AdBlock
  - DOMAIN-SUFFIX,admarketplace.net,❌AdBlock
  - DOMAIN-SUFFIX,admarvel.com,❌AdBlock
  - DOMAIN-SUFFIX,admaster.com.cn,❌AdBlock
  - DOMAIN-SUFFIX,admob.com,❌AdBlock
  - DOMAIN-SUFFIX,adnow.com,❌AdBlock
  - DOMAIN-SUFFIX,adnxs.com,❌AdBlock
  - DOMAIN-SUFFIX,adsafeprotected.com,❌AdBlock
  - DOMAIN-SUFFIX,adsota.com,❌AdBlock
  - DOMAIN-SUFFIX,ads-pixiv.net,❌AdBlock
  - DOMAIN-SUFFIX,adsrvr.org,❌AdBlock
  - DOMAIN-SUFFIX,ads-twitter.com,❌AdBlock
  - DOMAIN-SUFFIX,adswizz.com,❌AdBlock
  - DOMAIN-SUFFIX,adsymptotic.com,❌AdBlock
  - DOMAIN-SUFFIX,adtechus.com,❌AdBlock
  - DOMAIN-SUFFIX,adtilt.com,❌AdBlock
  - DOMAIN-SUFFIX,adtrue.com,❌AdBlock
  - DOMAIN-SUFFIX,AdBlock.com,❌AdBlock
  - DOMAIN-SUFFIX,advertnative.com,❌AdBlock
  - DOMAIN-SUFFIX,adview.cn,❌AdBlock
  - DOMAIN-SUFFIX,adxpansion.com,❌AdBlock
  - DOMAIN-SUFFIX,adxvip.com,❌AdBlock
  - DOMAIN-SUFFIX,aerserv.com,❌AdBlock
  - DOMAIN-SUFFIX,agkn.com,❌AdBlock
  - DOMAIN-SUFFIX,alipaylog.com,❌AdBlock
  - DOMAIN-SUFFIX,amazon-adsystem.com,❌AdBlock
  - DOMAIN-SUFFIX,analysys.cn,❌AdBlock
  - DOMAIN-SUFFIX,app-adforce.jp,❌AdBlock
  - DOMAIN-SUFFIX,appads.com,❌AdBlock
  - DOMAIN-SUFFIX,appboy.com,❌AdBlock
  - DOMAIN-SUFFIX,appier.net,❌AdBlock
  - DOMAIN-SUFFIX,applift.com,❌AdBlock
  - DOMAIN-SUFFIX,applovin.com,❌AdBlock
  - DOMAIN-SUFFIX,appnext.com,❌AdBlock
  - DOMAIN-SUFFIX,appodealx.com,❌AdBlock
  - DOMAIN-SUFFIX,appsee.com,❌AdBlock
  - DOMAIN-SUFFIX,appsflyer.com,❌AdBlock
  - DOMAIN-SUFFIX,apptentive.com,❌AdBlock
  - DOMAIN-SUFFIX,apptornado.com,❌AdBlock
  - DOMAIN-SUFFIX,atdmt.com,❌AdBlock
  - DOMAIN-SUFFIX,atwola.com,❌AdBlock
  - DOMAIN-SUFFIX,betrad.com,❌AdBlock
  - DOMAIN-SUFFIX,bidswitch.com,❌AdBlock
  - DOMAIN-SUFFIX,bjytgw.com,❌AdBlock
  - DOMAIN-SUFFIX,bttrack.com,❌AdBlock
  - DOMAIN-SUFFIX,bxmns.com,❌AdBlock
  - DOMAIN-SUFFIX,cappumedia.com,❌AdBlock
  - DOMAIN-SUFFIX,celtra.com,❌AdBlock
  - DOMAIN-SUFFIX,cferw.com,❌AdBlock
  - DOMAIN-SUFFIX,chartbeat.net,❌AdBlock
  - DOMAIN-SUFFIX,chartboost.com,❌AdBlock
  - DOMAIN-SUFFIX,chitika.com,❌AdBlock
  - DOMAIN-SUFFIX,clickhubs.com,❌AdBlock
  - DOMAIN-SUFFIX,clickintext.com,❌AdBlock
  - DOMAIN-SUFFIX,clickintext.net,❌AdBlock
  - DOMAIN-SUFFIX,cloudmobi.net,❌AdBlock
  - DOMAIN-SUFFIX,cnadnet.com,❌AdBlock
  - DOMAIN-SUFFIX,cnzz.com,❌AdBlock
  - DOMAIN-SUFFIX,cocounion.com,❌AdBlock
  - DOMAIN-SUFFIX,conversantmedia.com,❌AdBlock
  - DOMAIN-SUFFIX,conviva.com,❌AdBlock
  - DOMAIN-SUFFIX,criteo.com,❌AdBlock
  - DOMAIN-SUFFIX,crwdcntrl.net,❌AdBlock
  - DOMAIN-SUFFIX,ctrmi.com,❌AdBlock
  - DOMAIN-SUFFIX,demdex.net,❌AdBlock
  - DOMAIN-SUFFIX,dianomi.com,❌AdBlock
  - DOMAIN-SUFFIX,digitru.st,❌AdBlock
  - DOMAIN-SUFFIX,dtscout.com,❌AdBlock
  - DOMAIN-SUFFIX,duapps.com,❌AdBlock
  - DOMAIN-SUFFIX,effectivemeasure.net,❌AdBlock
  - DOMAIN-SUFFIX,endpo.in,❌AdBlock
  - DOMAIN-SUFFIX,eum-appdynamics.com,❌AdBlock
  - DOMAIN-SUFFIX,exoclick.com,❌AdBlock
  - DOMAIN-SUFFIX,exosrv.com,❌AdBlock
  - DOMAIN-SUFFIX,exponential.com,❌AdBlock
  - DOMAIN-SUFFIX,exposebox.com,❌AdBlock
  - DOMAIN-SUFFIX,eyeota.net,❌AdBlock
  - DOMAIN-SUFFIX,eyeviewads.com,❌AdBlock
  - DOMAIN-SUFFIX,flurry.com,❌AdBlock
  - DOMAIN-SUFFIX,fwmrm.net,❌AdBlock
  - DOMAIN-SUFFIX,getrockerbox.com,❌AdBlock
  - DOMAIN-SUFFIX,go2cloud.org,❌AdBlock
  - DOMAIN-SUFFIX,go-mpulse.net,❌AdBlock
  - DOMAIN-SUFFIX,gowadogo.com,❌AdBlock
  - DOMAIN-SUFFIX,growingio.com,❌AdBlock
  - DOMAIN-SUFFIX,gwallet.com,❌AdBlock
  - DOMAIN-SUFFIX,i2000.xyz,❌AdBlock
  - DOMAIN-SUFFIX,igexin.com,❌AdBlock
  - DOMAIN-SUFFIX,i-mobile.co.jp,❌AdBlock
  - DOMAIN-SUFFIX,imrworldwide.com,❌AdBlock
  - DOMAIN-SUFFIX,indexww.com,❌AdBlock
  - DOMAIN-SUFFIX,inmobi.cn,❌AdBlock
  - DOMAIN-SUFFIX,inmobi.com,❌AdBlock
  - DOMAIN-SUFFIX,instabug.com,❌AdBlock
  - DOMAIN-SUFFIX,irs01.com,❌AdBlock
  - DOMAIN-SUFFIX,juicyads.com,❌AdBlock
  - DOMAIN-SUFFIX,kejet.net,❌AdBlock
  - DOMAIN-SUFFIX,knlob.com,❌AdBlock
  - DOMAIN-SUFFIX,kochava.com,❌AdBlock
  - DOMAIN-SUFFIX,koolmediaoffers.com,❌AdBlock
  - DOMAIN-SUFFIX,krxd.net,❌AdBlock
  - DOMAIN-SUFFIX,leadzu.com,❌AdBlock
  - DOMAIN-SUFFIX,leanplum.com,❌AdBlock
  - DOMAIN-SUFFIX,lenzmx.com,❌AdBlock
  - DOMAIN-SUFFIX,lifestreet.com,❌AdBlock
  - DOMAIN-SUFFIX,lifestreetmedia.com,❌AdBlock
  - DOMAIN-SUFFIX,ligatus.com,❌AdBlock
  - DOMAIN-SUFFIX,lnk0.com,❌AdBlock
  - DOMAIN-SUFFIX,luomi.com,❌AdBlock
  - DOMAIN-SUFFIX,madserving.com,❌AdBlock
  - DOMAIN-SUFFIX,mathtag.com,❌AdBlock
  - DOMAIN-SUFFIX,media.net,❌AdBlock
  - DOMAIN-SUFFIX,medialytics.com,❌AdBlock
  - DOMAIN-SUFFIX,metalex.io,❌AdBlock
  - DOMAIN-SUFFIX,mfadsrvr.com,❌AdBlock
  - DOMAIN-SUFFIX,mgid.com,❌AdBlock
  - DOMAIN-SUFFIX,miaozhen.com,❌AdBlock
  - DOMAIN-SUFFIX,moatads.com,❌AdBlock
  - DOMAIN-SUFFIX,mobileapptracking.com,❌AdBlock
  - DOMAIN-SUFFIX,mobiw.com,❌AdBlock
  - DOMAIN-SUFFIX,mojiva.com,❌AdBlock
  - DOMAIN-SUFFIX,mopub.com,❌AdBlock
  - DOMAIN-SUFFIX,mparticle.com,❌AdBlock
  - DOMAIN-SUFFIX,mxpnl.com,❌AdBlock
  - DOMAIN-SUFFIX,mybest.app,❌AdBlock
  - DOMAIN-SUFFIX,mydas.mobi,❌AdBlock
  - DOMAIN-SUFFIX,nexage.com,❌AdBlock
  - DOMAIN-SUFFIX,nr-data.net,❌AdBlock
  - DOMAIN-SUFFIX,offerstrack.net,❌AdBlock
  - DOMAIN-SUFFIX,omtrdc.net,❌AdBlock
  - DOMAIN-SUFFIX,outbrain.com,❌AdBlock
  - DOMAIN-SUFFIX,parsely.com,❌AdBlock
  - DOMAIN-SUFFIX,peak-adx.com,❌AdBlock
  - DOMAIN-SUFFIX,personaly.click,❌AdBlock
  - DOMAIN-SUFFIX,popads.com,❌AdBlock
  - DOMAIN-SUFFIX,popads.net,❌AdBlock
  - DOMAIN-SUFFIX,propellerads.com,❌AdBlock
  - DOMAIN-SUFFIX,pubnative.net,❌AdBlock
  - DOMAIN-SUFFIX,qchannel01.cn,❌AdBlock
  - DOMAIN-SUFFIX,qualtrics.com,❌AdBlock
  - DOMAIN-SUFFIX,quantserve.com,❌AdBlock
  - DOMAIN-SUFFIX,quixdtrk.com,❌AdBlock
  - DOMAIN-SUFFIX,rayjump.com,❌AdBlock
  - DOMAIN-SUFFIX,rubiconproject.com,❌AdBlock
  - DOMAIN-SUFFIX,scorecardresearch.com,❌AdBlock
  - DOMAIN-SUFFIX,serving-sys.com,❌AdBlock
  - DOMAIN-SUFFIX,simplepath.com,❌AdBlock
  - DOMAIN-SUFFIX,skimresources.com,❌AdBlock
  - DOMAIN-SUFFIX,smardroid.com,❌AdBlock
  - DOMAIN-SUFFIX,smartadserver.com,❌AdBlock
  - DOMAIN-SUFFIX,snnd.co,❌AdBlock
  - DOMAIN-SUFFIX,sonobi.com,❌AdBlock
  - DOMAIN-SUFFIX,starmobs.com,❌AdBlock
  - DOMAIN-SUFFIX,startappexchange.com,❌AdBlock
  - DOMAIN-SUFFIX,startappservice.com,❌AdBlock
  - DOMAIN-SUFFIX,storygize.net,❌AdBlock
  - DOMAIN-SUFFIX,summerhamster.com,❌AdBlock
  - DOMAIN-SUFFIX,supersonicads.com,❌AdBlock
  - DOMAIN-SUFFIX,taboola.com,❌AdBlock
  - DOMAIN-SUFFIX,tagtic.cn,❌AdBlock
  - DOMAIN-SUFFIX,talkingdata.com,❌AdBlock
  - DOMAIN-SUFFIX,tango-deg.com,❌AdBlock
  - DOMAIN-SUFFIX,tanv.com,❌AdBlock
  - DOMAIN-SUFFIX,tanx.com,❌AdBlock
  - DOMAIN-SUFFIX,tapad.com,❌AdBlock
  - DOMAIN-SUFFIX,taplytics.com,❌AdBlock
  - DOMAIN-SUFFIX,taptica.com,❌AdBlock
  - DOMAIN-SUFFIX,testplus.cn,❌AdBlock
  - DOMAIN-SUFFIX,trackclickers.com,❌AdBlock
  - DOMAIN-SUFFIX,trafficjunky.net,❌AdBlock
  - DOMAIN-SUFFIX,trustx.org,❌AdBlock
  - DOMAIN-SUFFIX,tuanxue360.net,❌AdBlock
  - DOMAIN-SUFFIX,turn.com,❌AdBlock
  - DOMAIN-SUFFIX,uberads.com,❌AdBlock
  - DOMAIN-SUFFIX,udrig.com,❌AdBlock
  - DOMAIN-SUFFIX,upcpi.com,❌AdBlock
  - DOMAIN-SUFFIX,urbanairship.com,❌AdBlock
  - DOMAIN-SUFFIX,usebutton.com,❌AdBlock
  - DOMAIN-SUFFIX,voiceads.cn,❌AdBlock
  - DOMAIN-SUFFIX,vrtcal.com,❌AdBlock
  - DOMAIN-SUFFIX,vserv.mobi,❌AdBlock
  - DOMAIN-SUFFIX,vungle.com,❌AdBlock
  - DOMAIN-SUFFIX,webspectator.com,❌AdBlock
  - DOMAIN-SUFFIX,xadchina.cn,❌AdBlock
  - DOMAIN-SUFFIX,xdrig.com,❌AdBlock
  - DOMAIN-SUFFIX,yldbt.com,❌AdBlock
  - DOMAIN-SUFFIX,yllix.com,❌AdBlock
  - DOMAIN-SUFFIX,ymtracking.com,❌AdBlock
  - DOMAIN-SUFFIX,ad.daum.net,❌AdBlock
  - DOMAIN-SUFFIX,track.xiachufang.com,❌AdBlock
  - DOMAIN,log.umsns.com,❌AdBlock
  - DOMAIN,log.snssdk.com,❌AdBlock
  - DOMAIN,toblog.snssdk.com,❌AdBlock
  - DOMAIN,wgo.mmstat.com,❌AdBlock
  - DOMAIN,report.jpush.cn,❌AdBlock
  - DOMAIN,static.jpush.cn,❌AdBlock
  - DOMAIN,stats.jpush.cn,❌AdBlock
  - DOMAIN,stats.umsns.com,❌AdBlock
  - DOMAIN,s0.2mdn.net,❌AdBlock
  - DOMAIN,appnext.hs.llnwd.net,❌AdBlock
  - DOMAIN,appnext-a.akamaihd.net,❌AdBlock
  - DOMAIN,abema-adx.ameba.jp,❌AdBlock
  - DOMAIN,ad.12306.cn,❌AdBlock
  - DOMAIN,ad.caiyunapp.com,❌AdBlock
  - DOMAIN,ad.huajiao.com,❌AdBlock
  - DOMAIN,ad.hzyoka.com,❌AdBlock
  - DOMAIN,ad.jiemian.com,❌AdBlock
  - DOMAIN,ad.qingting.fm,❌AdBlock
  - DOMAIN,ad-cn.jovcloud.com,❌AdBlock
  - DOMAIN,adsapi.manhuaren.com,❌AdBlock
  - DOMAIN,adsdk.dmzj.com,❌AdBlock
  - DOMAIN,ads.daydaycook.com.cn,❌AdBlock
  - DOMAIN,adui.tg.meitu.com,❌AdBlock
  - DOMAIN,adx.hupu.com,❌AdBlock
  - DOMAIN,adxserver.ad.cmvideo.cn,❌AdBlock
  - DOMAIN,app-ad.variflight.com,❌AdBlock
  - DOMAIN,applog.mobike.com,❌AdBlock
  - DOMAIN,ggs.myzaker.com,❌AdBlock
  - DOMAIN,ja.chushou.tv,❌AdBlock
  - DOMAIN,log.b612kaji.com,❌AdBlock
  - DOMAIN,log.star.ele.me,❌AdBlock
  - DOMAIN,log.voicecloud.cn,❌AdBlock
  - DOMAIN,log.ys7.com,❌AdBlock
  - DOMAIN,logs.chelaile.net.cn,❌AdBlock
  - DOMAIN,mopnativeadv.037201.com,❌AdBlock
  - DOMAIN,nativeadv.dftoutiao.com,❌AdBlock
  - DOMAIN,optimus-ads.amap.com,❌AdBlock
  - DOMAIN,static.vuevideo.net,❌AdBlock
  - DOMAIN,sugar.zhihu.com,❌AdBlock
  - DOMAIN,track.tiara.daum.net,❌AdBlock
  - DOMAIN,track.tiara.kakao.com,❌AdBlock
  - DOMAIN,trackapp.guahao.cn,❌AdBlock
  - DOMAIN,traffic.mogujie.com,❌AdBlock
  - DOMAIN,wmlog.meituan.com,❌AdBlock
  - DOMAIN,adshow.58.com,❌AdBlock
  - DOMAIN,track.58.com,❌AdBlock
  - DOMAIN,tracklog.58.com,❌AdBlock
  - DOMAIN-SUFFIX,iadsdk.apple.com,❌AdBlock
  - DOMAIN-SUFFIX,ads.internal.unity3d.com,❌AdBlock
  - DOMAIN-SUFFIX,ads.prd.ie.internal.unity3d.com,❌AdBlock
  - DOMAIN-SUFFIX,unityads.unity3d.com,❌AdBlock
  - DOMAIN,acs4baichuan.m.taobao.com,❌AdBlock
  - DOMAIN,adash.m.taobao.com,❌AdBlock
  - DOMAIN,adash.man.aliyuncs.com,❌AdBlock
  - DOMAIN,adashbc.ut.taobao.com,❌AdBlock
  - DOMAIN,adash-c.ut.taobao.com,❌AdBlock
  - DOMAIN,adashxgc.ut.taobao.com,❌AdBlock
  - DOMAIN,adashx4yt.m.taobao.com,❌AdBlock
  - DOMAIN,amdc.m.taobao.com,❌AdBlock
  - DOMAIN,apoll.m.taobao.com,❌AdBlock
  - DOMAIN,nbsdk-baichuan.alicdn.com,❌AdBlock
  - DOMAIN,tunion-api.m.taobao.com,❌AdBlock
  - DOMAIN,adproxy.autohome.com.cn,❌AdBlock
  - DOMAIN,rd.autohome.com.cn,❌AdBlock
  - DOMAIN,al.autohome.com.cn,❌AdBlock
  - DOMAIN,applogapi.autohome.com.cn,❌AdBlock
  - DOMAIN-SUFFIX,baidustatic.com,❌AdBlock
  - DOMAIN,afd.baidu.com,❌AdBlock
  - DOMAIN,duclick.baidu.com,❌AdBlock
  - DOMAIN,hm.baidu.com,❌AdBlock
  - DOMAIN,hmma.baidu.com,❌AdBlock
  - DOMAIN,mobads.baidu.com,❌AdBlock
  - DOMAIN,mobads-logs.baidu.com,❌AdBlock
  - DOMAIN,nsclick.baidu.com,❌AdBlock
  - DOMAIN,wn.pos.baidu.com,❌AdBlock
  - DOMAIN,applog.musical.ly,❌AdBlock
  - DOMAIN,track.toutiao.com,❌AdBlock
  - DOMAIN,xlog.snssdk.com,❌AdBlock
  - DOMAIN,xlog-va.byteoversea.com,❌AdBlock
  - DOMAIN,adx.yiche.com,❌AdBlock
  - DOMAIN,log.ycapp.yiche.com,❌AdBlock
  - DOMAIN,advertise.baicizhan.org,❌AdBlock
  - DOMAIN,advertise.baicizhan.com,❌AdBlock
  - DOMAIN,galaxy.bjcathay.com,❌AdBlock
  - DOMAIN,mdrecv.app.cntvwb.cn,❌AdBlock
  - DOMAIN,sdapprecv.app.cntvwb.cn,❌AdBlock
  - DOMAIN,vdapprecv.app.cntvwb.cn,❌AdBlock
  - DOMAIN,admarket.21cn.com,❌AdBlock
  - DOMAIN,adshows.21cn.com,❌AdBlock
  - DOMAIN-SUFFIX,doubleclick.net,❌AdBlock
  - DOMAIN-SUFFIX,googleadservices.com,❌AdBlock
  - DOMAIN-SUFFIX,googleadsserving.cn,❌AdBlock
  - DOMAIN-SUFFIX,googlesyndication.com,❌AdBlock
  - DOMAIN-SUFFIX,googletagmanager.com,❌AdBlock
  - DOMAIN-SUFFIX,googletagservices.com,❌AdBlock
  - DOMAIN-SUFFIX,google-analytics.com,❌AdBlock
  - DOMAIN-SUFFIX,da.mgtv.com,❌AdBlock
  - DOMAIN-SUFFIX,da.hunantv.com,❌AdBlock
  - DOMAIN-SUFFIX,log.hunantv.com,❌AdBlock
  - DOMAIN,log.v2.hunantv.com,❌AdBlock
  - DOMAIN,v2.log.hunantv.com,❌AdBlock
  - DOMAIN,ifacelog.iqiyi.com,❌AdBlock
  - DOMAIN,mbdlog.iqiyi.com,❌AdBlock
  - DOMAIN,msg.71.am,❌AdBlock
  - DOMAIN,msg.qy.net,❌AdBlock
  - DOMAIN,t7z.cupid.iqiyi.com,❌AdBlock
  - DOMAIN,adserviceretry.kugou.com,❌AdBlock
  - DOMAIN,ads.service.kugou.com,❌AdBlock
  - DOMAIN,adsfile.bssdlbig.kugou.com,❌AdBlock
  - DOMAIN,log.stat.kugou.com,❌AdBlock
  - DOMAIN,log.web.kugou.com,❌AdBlock
  - DOMAIN,kgmobilestat.kugou.com,❌AdBlock
  - DOMAIN,kgmobilestatbak.kugou.com,❌AdBlock
  - DOMAIN,mobilelog.kugou.com,❌AdBlock
  - DOMAIN,mobilead.kuwo.cn,❌AdBlock
  - DOMAIN,rich.kuwo.cn,❌AdBlock
  - DOMAIN,ad-stat.ksosoft.com,❌AdBlock
  - DOMAIN,img.auction-ads.wpscdn.cn,❌AdBlock
  - DOMAIN-SUFFIX,webp2p.letv.com,❌AdBlock
  - DOMAIN,ark.letv.com,❌AdBlock
  - DOMAIN,emma-414870e223.huodonghezi.com,❌AdBlock
  - DOMAIN,g3.letv.com,❌AdBlock
  - DOMAIN,n.mark.letv.com,❌AdBlock
  - DOMAIN-SUFFIX,ad.xiaomi.com,❌AdBlock
  - DOMAIN-SUFFIX,admob.xiaomi.com,❌AdBlock
  - DOMAIN-SUFFIX,ad.intl.xiaomi.com,❌AdBlock
  - DOMAIN-SUFFIX,data.mistat.xiaomi.com,❌AdBlock
  - DOMAIN-SUFFIX,tracking.miui.com,❌AdBlock
  - DOMAIN,adv.sec.miui.com,❌AdBlock
  - DOMAIN,adv.sec.intl.miui.com,❌AdBlock
  - DOMAIN,o2o.api.xiaomi.com,❌AdBlock
  - DOMAIN,ad.api.moji.com,❌AdBlock
  - DOMAIN,adlaunch.moji.com,❌AdBlock
  - DOMAIN,ads.mojicdn.com,❌AdBlock
  - DOMAIN,v1.log.moji.com,❌AdBlock
  - DOMAIN,minfo.wps.cn,❌AdBlock
  - DOMAIN,ad.bn.netease.com,❌AdBlock
  - DOMAIN,ad.yixin.im,❌AdBlock
  - DOMAIN,admusicpic.music.126.net,❌AdBlock
  - DOMAIN,iadmat.nosdn.127.net,❌AdBlock
  - DOMAIN,iadmusicmat.music.126.net,❌AdBlock
  - DOMAIN,iadmusicmatvideo.music.126.net,❌AdBlock
  - DOMAIN,impservice.dictapp.youdao.com,❌AdBlock
  - DOMAIN,impservice.youdao.com,❌AdBlock
  - DOMAIN,log.yex.youdao.com,❌AdBlock
  - DOMAIN,log-yex.youdao.com,❌AdBlock
  - DOMAIN,n.3g.163.com,❌AdBlock
  - DOMAIN,nex.163.com,❌AdBlock
  - DOMAIN,yt-adp.nosdn.127.net,❌AdBlock
  - DOMAIN,ads.aplus.pptv.com,❌AdBlock
  - DOMAIN,asimgs.pplive.cn,❌AdBlock
  - DOMAIN,de.as.pptv.com,❌AdBlock
  - DOMAIN,regist.fotoable.com,❌AdBlock
  - DOMAIN,cdn.adapi.fotoable.com,❌AdBlock
  - DOMAIN,adnew.wifi8.com,❌AdBlock
  - DOMAIN,adfile.wifi8.com,❌AdBlock
  - DOMAIN,u1.img.mobile.sina.cn,❌AdBlock
  - DOMAIN,sax.sina.com.cn,❌AdBlock
  - DOMAIN,saxs.sina.com.cn,❌AdBlock
  - DOMAIN,saxn.sina.com.cn,❌AdBlock
  - DOMAIN-SUFFIX,ads.sohu.com,❌AdBlock
  - DOMAIN-SUFFIX,aty.sohu.com,❌AdBlock
  - DOMAIN,imp.optaim.com,❌AdBlock
  - DOMAIN,v2.reachmax.cn,❌AdBlock
  - DOMAIN,track.sohu.com,❌AdBlock
  - DOMAIN,hui.sohu.com,❌AdBlock
  - DOMAIN-SUFFIX,e.qq.com,❌AdBlock
  - DOMAIN-SUFFIX,gdt.qq.com,❌AdBlock
  - DOMAIN-SUFFIX,rqd.qq.com,❌AdBlock
  - DOMAIN,btrace.qq.com,❌AdBlock
  - DOMAIN,mtrace.qq.com,❌AdBlock
  - DOMAIN,oth.eve.mdt.qq.com,❌AdBlock
  - DOMAIN,pingma.qq.com,❌AdBlock
  - DOMAIN,pingtcss.qq.com,❌AdBlock
  - DOMAIN,splashqqlive.gtimg.com,❌AdBlock
  - DOMAIN,tajs.qq.com,❌AdBlock
  - DOMAIN,imgadpai.thepaper.cn,❌AdBlock
  - DOMAIN,admonitor.thepaper.cn,❌AdBlock
  - DOMAIN,adsp.xunlei.com,❌AdBlock
  - DOMAIN,etl.xlmc.sandai.net,❌AdBlock
  - DOMAIN,adm.10jqka.com.cn,❌AdBlock
  - DOMAIN,stat.10jqka.com.cn,❌AdBlock
  - DOMAIN,ad-analysis.pconline.com.cn,❌AdBlock
  - DOMAIN,iad0ssl.pcauto.com.cn,❌AdBlock
  - DOMAIN,iad0ssl.pconline.com.cn,❌AdBlock
  - DOMAIN,imgad0.pcauto.com.cn,❌AdBlock
  - DOMAIN,imgad0.pconline.com.cn,❌AdBlock
  - DOMAIN,ivy.pchouse.com.cn,❌AdBlock
  - DOMAIN,adtrack.ucweb.com,❌AdBlock
  - DOMAIN,applogios.uc.cn,❌AdBlock
  - DOMAIN,track.uc.cn,❌AdBlock
  - DOMAIN,a.wkanx.com,❌AdBlock
  - DOMAIN,cwx.lianwangtech.com,❌AdBlock
  - DOMAIN,c1wx.lianwangtech.com,❌AdBlock
  - DOMAIN,ad.ximalaya.com,❌AdBlock
  - DOMAIN,adse.ximalaya.com,❌AdBlock
  - DOMAIN,t-ads.xiaohongshu.com,❌AdBlock
  - DOMAIN,apm-track.xiaohongshu.com,❌AdBlock
  - DOMAIN-SUFFIX,atm.youku.com,❌AdBlock
  - DOMAIN,ad.mobile.youku.com,❌AdBlock
  - DOMAIN,iyes.youku.com,❌AdBlock
  - DOMAIN,apppv.zol.com.cn,❌AdBlock
  - DOMAIN,pvnapp.zol.com.cn,❌AdBlock
  - DOMAIN-SUFFIX,17gouwuba.com,❌AdBlock
  - DOMAIN-SUFFIX,189zj.cn,❌AdBlock
  - DOMAIN-SUFFIX,285680.com,❌AdBlock
  - DOMAIN-SUFFIX,3721zh.com,❌AdBlock
  - DOMAIN-SUFFIX,4336wang.cn,❌AdBlock
  - DOMAIN-SUFFIX,51chumoping.com,❌AdBlock
  - DOMAIN-SUFFIX,58mingri.cn,❌AdBlock
  - DOMAIN-SUFFIX,58mingtian.cn,❌AdBlock
  - DOMAIN-SUFFIX,6d63d3.com,❌AdBlock
  - DOMAIN-SUFFIX,91veg.com,❌AdBlock
  - DOMAIN-SUFFIX,9s6q.cn,❌AdBlock
  - DOMAIN-SUFFIX,adsame.com,❌AdBlock
  - DOMAIN-SUFFIX,aiclk.com,❌AdBlock
  - DOMAIN-SUFFIX,akuai.top,❌AdBlock
  - DOMAIN-SUFFIX,atplay.cn,❌AdBlock
  - DOMAIN-SUFFIX,baiwanchuangyi.com,❌AdBlock
  - DOMAIN-SUFFIX,bayimob.com,❌AdBlock
  - DOMAIN-SUFFIX,beerto.cn,❌AdBlock
  - DOMAIN-SUFFIX,beilamusi.com,❌AdBlock
  - DOMAIN-SUFFIX,benshiw.net,❌AdBlock
  - DOMAIN-SUFFIX,bianxianmao.com,❌AdBlock
  - DOMAIN-SUFFIX,bryonypie.com,❌AdBlock
  - DOMAIN-SUFFIX,cishantao.com,❌AdBlock
  - DOMAIN-SUFFIX,cszlks.com,❌AdBlock
  - DOMAIN-SUFFIX,cudaojia.com,❌AdBlock
  - DOMAIN-SUFFIX,dafapromo.com,❌AdBlock
  - DOMAIN-SUFFIX,daitdai.com,❌AdBlock
  - DOMAIN-SUFFIX,dsaeerf.com,❌AdBlock
  - DOMAIN-SUFFIX,dugesheying.com,❌AdBlock
  - DOMAIN-SUFFIX,dv8c1t.cn,❌AdBlock
  - DOMAIN-SUFFIX,erdoscs.com,❌AdBlock
  - DOMAIN-SUFFIX,fan-yong.com,❌AdBlock
  - DOMAIN-SUFFIX,feih.com.cn,❌AdBlock
  - DOMAIN-SUFFIX,fjlqqc.com,❌AdBlock
  - DOMAIN-SUFFIX,fkku194.com,❌AdBlock
  - DOMAIN-SUFFIX,freedrive.cn,❌AdBlock
  - DOMAIN-SUFFIX,gclick.cn,❌AdBlock
  - DOMAIN-SUFFIX,goufanli100.com,❌AdBlock
  - DOMAIN-SUFFIX,gouwubang.com,❌AdBlock
  - DOMAIN-SUFFIX,haoshengtoys.com,❌AdBlock
  - DOMAIN-SUFFIX,ichaosheng.com,❌AdBlock
  - DOMAIN-SUFFIX,ishop789.com,❌AdBlock
  - DOMAIN-SUFFIX,jdkic.com,❌AdBlock
  - DOMAIN-SUFFIX,jiubuhua.com,❌AdBlock
  - DOMAIN-SUFFIX,jwg365.cn,❌AdBlock
  - DOMAIN-SUFFIX,kumihua.com,❌AdBlock
  - DOMAIN-SUFFIX,linktech.cn,❌AdBlock
  - DOMAIN-SUFFIX,ltheanine.cn,❌AdBlock
  - DOMAIN-SUFFIX,maipinshangmao.com,❌AdBlock
  - DOMAIN-SUFFIX,minisplat.cn,❌AdBlock
  - DOMAIN-SUFFIX,mkitgfs.com,❌AdBlock
  - DOMAIN-SUFFIX,mlnbike.com,❌AdBlock
  - DOMAIN-SUFFIX,newapi.com,❌AdBlock
  - DOMAIN-SUFFIX,pinzhitmall.com,❌AdBlock
  - DOMAIN-SUFFIX,poppyta.com,❌AdBlock
  - DOMAIN-SUFFIX,qichexin.com,❌AdBlock
  - DOMAIN-SUFFIX,qinchugudao.com,❌AdBlock
  - DOMAIN-SUFFIX,quanliyouxi.cn,❌AdBlock
  - DOMAIN-SUFFIX,qutaobi.com,❌AdBlock
  - DOMAIN-SUFFIX,ry51w.cn,❌AdBlock
  - DOMAIN-SUFFIX,sg536.cn,❌AdBlock
  - DOMAIN-SUFFIX,sifubo.cn,❌AdBlock
  - DOMAIN-SUFFIX,sifuce.cn,❌AdBlock
  - DOMAIN-SUFFIX,sifuda.cn,❌AdBlock
  - DOMAIN-SUFFIX,sifufu.cn,❌AdBlock
  - DOMAIN-SUFFIX,sifuge.cn,❌AdBlock
  - DOMAIN-SUFFIX,sifugu.cn,❌AdBlock
  - DOMAIN-SUFFIX,sifuhe.cn,❌AdBlock
  - DOMAIN-SUFFIX,sifuhu.cn,❌AdBlock
  - DOMAIN-SUFFIX,sifuji.cn,❌AdBlock
  - DOMAIN-SUFFIX,sifuka.cn,❌AdBlock
  - DOMAIN-SUFFIX,smgru.net,❌AdBlock
  - DOMAIN-SUFFIX,taoggou.com,❌AdBlock
  - DOMAIN-SUFFIX,tcxshop.com,❌AdBlock
  - DOMAIN-SUFFIX,tjqonline.cn,❌AdBlock
  - DOMAIN-SUFFIX,topitme.com,❌AdBlock
  - DOMAIN-SUFFIX,tuia.cn,❌AdBlock
  - DOMAIN-SUFFIX,tuipenguin.com,❌AdBlock
  - DOMAIN-SUFFIX,tuitiger.com,❌AdBlock
  - DOMAIN-SUFFIX,wx16999.com,❌AdBlock
  - DOMAIN-SUFFIX,xiaohuau.xyz,❌AdBlock
  - DOMAIN-SUFFIX,yinmong.com,❌AdBlock
  - DOMAIN-SUFFIX,yiqifa.com,❌AdBlock
  - DOMAIN-SUFFIX,yitaopt.com,❌AdBlock
  - DOMAIN-SUFFIX,yukhj.com,❌AdBlock
  - DOMAIN-SUFFIX,zhaozecheng.cn,❌AdBlock
  - DOMAIN-SUFFIX,zhenxinet.com,❌AdBlock
  - DOMAIN-SUFFIX,zunmi.cn,❌AdBlock
  - DOMAIN-SUFFIX,zzd6.com,❌AdBlock
  - DOMAIN-SUFFIX,kuaizip.com,❌AdBlock
  - DOMAIN-SUFFIX,mackeeper.com,❌AdBlock
  - DOMAIN-SUFFIX,4009997658.com,❌AdBlock
  - DOMAIN-SUFFIX,abbyychina.com,❌AdBlock
  - DOMAIN-SUFFIX,bartender.cc,❌AdBlock
  - DOMAIN-SUFFIX,betterzip.net,❌AdBlock
  - DOMAIN-SUFFIX,beyondcompare.cc,❌AdBlock
  - DOMAIN-SUFFIX,bingdianhuanyuan.cn,❌AdBlock
  - DOMAIN-SUFFIX,chemdraw.com.cn,❌AdBlock
  - DOMAIN-SUFFIX,cjmakeding.com,❌AdBlock
  - DOMAIN-SUFFIX,cjmkt.com,❌AdBlock
  - DOMAIN-SUFFIX,codesoftchina.com,❌AdBlock
  - DOMAIN-SUFFIX,coreldrawchina.com,❌AdBlock
  - DOMAIN-SUFFIX,crossoverchina.com,❌AdBlock
  - DOMAIN-SUFFIX,easyrecoverychina.com,❌AdBlock
  - DOMAIN-SUFFIX,ediuschina.com,❌AdBlock
  - DOMAIN-SUFFIX,flstudiochina.com,❌AdBlock
  - DOMAIN-SUFFIX,formysql.com,❌AdBlock
  - DOMAIN-SUFFIX,guitarpro.cc,❌AdBlock
  - DOMAIN-SUFFIX,huishenghuiying.com.cn,❌AdBlock
  - DOMAIN-SUFFIX,hypersnap.net,❌AdBlock
  - DOMAIN-SUFFIX,iconworkshop.cn,❌AdBlock
  - DOMAIN-SUFFIX,imindmap.cc,❌AdBlock
  - DOMAIN-SUFFIX,jihehuaban.com.cn,❌AdBlock
  - DOMAIN-SUFFIX,keyshot.cc,❌AdBlock
  - DOMAIN-SUFFIX,kingdeecn.cn,❌AdBlock
  - DOMAIN-SUFFIX,logoshejishi.com,❌AdBlock
  - DOMAIN-SUFFIX,mairuan.cn,❌AdBlock
  - DOMAIN-SUFFIX,mairuan.com,❌AdBlock
  - DOMAIN-SUFFIX,mairuan.com.cn,❌AdBlock
  - DOMAIN-SUFFIX,mairuan.net,❌AdBlock
  - DOMAIN-SUFFIX,mairuanwang.com,❌AdBlock
  - DOMAIN-SUFFIX,makeding.com,❌AdBlock
  - DOMAIN-SUFFIX,mathtype.cn,❌AdBlock
  - DOMAIN-SUFFIX,mindmanager.cc,❌AdBlock
  - DOMAIN-SUFFIX,mindmapper.cc,❌AdBlock
  - DOMAIN-SUFFIX,mycleanmymac.com,❌AdBlock
  - DOMAIN-SUFFIX,nicelabel.cc,❌AdBlock
  - DOMAIN-SUFFIX,ntfsformac.cc,❌AdBlock
  - DOMAIN-SUFFIX,ntfsformac.cn,❌AdBlock
  - DOMAIN-SUFFIX,overturechina.com,❌AdBlock
  - DOMAIN-SUFFIX,passwordrecovery.cn,❌AdBlock
  - DOMAIN-SUFFIX,pdfexpert.cc,❌AdBlock
  - DOMAIN-SUFFIX,shankejingling.com,❌AdBlock
  - DOMAIN-SUFFIX,ultraiso.net,❌AdBlock
  - DOMAIN-SUFFIX,vegaschina.cn,❌AdBlock
  - DOMAIN-SUFFIX,xmindchina.net,❌AdBlock
  - DOMAIN-SUFFIX,xshellcn.com,❌AdBlock
  - DOMAIN-SUFFIX,yihuifu.cn,❌AdBlock
  - DOMAIN-SUFFIX,yuanchengxiezuo.com,❌AdBlock
  - DOMAIN-SUFFIX,zbrushcn.com,❌AdBlock
  - DOMAIN-SUFFIX,zhzzx.com,❌AdBlock
  - DOMAIN-SUFFIX,byteoversea.com,❌AdBlock
  - DOMAIN-SUFFIX,ibytedtos.com,❌AdBlock
  - DOMAIN-SUFFIX,ipstatp.com,❌AdBlock
  - DOMAIN-SUFFIX,muscdn.com,❌AdBlock
  - DOMAIN-SUFFIX,musical.ly,❌AdBlock
  - DOMAIN-KEYWORD,adservice
  - DOMAIN-KEYWORD,analytics
  - DOMAIN-KEYWORD,analysis
  - DOMAIN-SUFFIX,3lift.com
  - DOMAIN-SUFFIX,4006825178.com
  - DOMAIN-SUFFIX,51.la
  - DOMAIN-SUFFIX,550tg.com
  - DOMAIN-SUFFIX,56txs4.com
  - DOMAIN-SUFFIX,ad373.com
  - DOMAIN-SUFFIX,ad4screen.com
  - DOMAIN-SUFFIX,ad-brix.com
  - DOMAIN-SUFFIX,adcolony.com
  - DOMAIN-SUFFIX,adform.net
  - DOMAIN-SUFFIX,adinall.com
  - DOMAIN-SUFFIX,adinfuse.com
  - DOMAIN-SUFFIX,adjust.com
  - DOMAIN-SUFFIX,adjust.io
  - DOMAIN-SUFFIX,adkmob.com
  - DOMAIN-SUFFIX,adlefee.com
  - DOMAIN-SUFFIX,admantx.com
  - DOMAIN-SUFFIX,admarketplace.net
  - DOMAIN-SUFFIX,admarvel.com
  - DOMAIN-SUFFIX,admaster.com.cn
  - DOMAIN-SUFFIX,admob.com
  - DOMAIN-SUFFIX,adnow.com
  - DOMAIN-SUFFIX,adnxs.com
  - DOMAIN-SUFFIX,adsafeprotected.com
  - DOMAIN-SUFFIX,adsota.com
  - DOMAIN-SUFFIX,ads-pixiv.net
  - DOMAIN-SUFFIX,adsrvr.org
  - DOMAIN-SUFFIX,ads-twitter.com
  - DOMAIN-SUFFIX,adswizz.com
  - DOMAIN-SUFFIX,adsymptotic.com
  - DOMAIN-SUFFIX,adtechus.com
  - DOMAIN-SUFFIX,adtilt.com
  - DOMAIN-SUFFIX,adtrue.com
  - DOMAIN-SUFFIX,AdBlock.com
  - DOMAIN-SUFFIX,advertnative.com
  - DOMAIN-SUFFIX,adview.cn
  - DOMAIN-SUFFIX,adxpansion.com
  - DOMAIN-SUFFIX,adxvip.com
  - DOMAIN-SUFFIX,aerserv.com
  - DOMAIN-SUFFIX,agkn.com
  - DOMAIN-SUFFIX,alipaylog.com
  - DOMAIN-SUFFIX,amazon-adsystem.com
  - DOMAIN-SUFFIX,analysys.cn
  - DOMAIN-SUFFIX,app-adforce.jp
  - DOMAIN-SUFFIX,appads.com
  - DOMAIN-SUFFIX,appboy.com
  - DOMAIN-SUFFIX,appier.net
  - DOMAIN-SUFFIX,applift.com
  - DOMAIN-SUFFIX,applovin.com
  - DOMAIN-SUFFIX,appnext.com
  - DOMAIN-SUFFIX,appodealx.com
  - DOMAIN-SUFFIX,appsee.com
  - DOMAIN-SUFFIX,appsflyer.com
  - DOMAIN-SUFFIX,apptentive.com
  - DOMAIN-SUFFIX,apptornado.com
  - DOMAIN-SUFFIX,atdmt.com
  - DOMAIN-SUFFIX,atwola.com
  - DOMAIN-SUFFIX,betrad.com
  - DOMAIN-SUFFIX,bidswitch.com
  - DOMAIN-SUFFIX,bjytgw.com
  - DOMAIN-SUFFIX,bttrack.com
  - DOMAIN-SUFFIX,bxmns.com
  - DOMAIN-SUFFIX,cappumedia.com
  - DOMAIN-SUFFIX,celtra.com
  - DOMAIN-SUFFIX,cferw.com
  - DOMAIN-SUFFIX,chartbeat.net
  - DOMAIN-SUFFIX,chartboost.com
  - DOMAIN-SUFFIX,chitika.com
  - DOMAIN-SUFFIX,clickhubs.com
  - DOMAIN-SUFFIX,clickintext.com
  - DOMAIN-SUFFIX,clickintext.net
  - DOMAIN-SUFFIX,cloudmobi.net
  - DOMAIN-SUFFIX,cnadnet.com
  - DOMAIN-SUFFIX,cnzz.com
  - DOMAIN-SUFFIX,cocounion.com
  - DOMAIN-SUFFIX,conversantmedia.com
  - DOMAIN-SUFFIX,conviva.com
  - DOMAIN-SUFFIX,criteo.com
  - DOMAIN-SUFFIX,crwdcntrl.net
  - DOMAIN-SUFFIX,ctrmi.com
  - DOMAIN-SUFFIX,demdex.net
  - DOMAIN-SUFFIX,dianomi.com
  - DOMAIN-SUFFIX,digitru.st
  - DOMAIN-SUFFIX,dtscout.com
  - DOMAIN-SUFFIX,duapps.com
  - DOMAIN-SUFFIX,effectivemeasure.net
  - DOMAIN-SUFFIX,endpo.in
  - DOMAIN-SUFFIX,eum-appdynamics.com
  - DOMAIN-SUFFIX,exoclick.com
  - DOMAIN-SUFFIX,exosrv.com
  - DOMAIN-SUFFIX,exponential.com
  - DOMAIN-SUFFIX,exposebox.com
  - DOMAIN-SUFFIX,eyeota.net
  - DOMAIN-SUFFIX,eyeviewads.com
  - DOMAIN-SUFFIX,flurry.com
  - DOMAIN-SUFFIX,fwmrm.net
  - DOMAIN-SUFFIX,getrockerbox.com
  - DOMAIN-SUFFIX,go2cloud.org
  - DOMAIN-SUFFIX,go-mpulse.net
  - DOMAIN-SUFFIX,gowadogo.com
  - DOMAIN-SUFFIX,growingio.com
  - DOMAIN-SUFFIX,gwallet.com
  - DOMAIN-SUFFIX,i2000.xyz
  - DOMAIN-SUFFIX,igexin.com
  - DOMAIN-SUFFIX,i-mobile.co.jp
  - DOMAIN-SUFFIX,imrworldwide.com
  - DOMAIN-SUFFIX,indexww.com
  - DOMAIN-SUFFIX,inmobi.cn
  - DOMAIN-SUFFIX,inmobi.com
  - DOMAIN-SUFFIX,instabug.com
  - DOMAIN-SUFFIX,irs01.com
  - DOMAIN-SUFFIX,juicyads.com
  - DOMAIN-SUFFIX,kejet.net
  - DOMAIN-SUFFIX,knlob.com
  - DOMAIN-SUFFIX,kochava.com
  - DOMAIN-SUFFIX,koolmediaoffers.com
  - DOMAIN-SUFFIX,krxd.net
  - DOMAIN-SUFFIX,leadzu.com
  - DOMAIN-SUFFIX,leanplum.com
  - DOMAIN-SUFFIX,lenzmx.com
  - DOMAIN-SUFFIX,lifestreet.com
  - DOMAIN-SUFFIX,lifestreetmedia.com
  - DOMAIN-SUFFIX,ligatus.com
  - DOMAIN-SUFFIX,lnk0.com
  - DOMAIN-SUFFIX,luomi.com
  - DOMAIN-SUFFIX,madserving.com
  - DOMAIN-SUFFIX,mathtag.com
  - DOMAIN-SUFFIX,media.net
  - DOMAIN-SUFFIX,medialytics.com
  - DOMAIN-SUFFIX,metalex.io
  - DOMAIN-SUFFIX,mfadsrvr.com
  - DOMAIN-SUFFIX,mgid.com
  - DOMAIN-SUFFIX,miaozhen.com
  - DOMAIN-SUFFIX,moatads.com
  - DOMAIN-SUFFIX,mobileapptracking.com
  - DOMAIN-SUFFIX,mobiw.com
  - DOMAIN-SUFFIX,mojiva.com
  - DOMAIN-SUFFIX,mopub.com
  - DOMAIN-SUFFIX,mparticle.com
  - DOMAIN-SUFFIX,mxpnl.com
  - DOMAIN-SUFFIX,mybest.app
  - DOMAIN-SUFFIX,mydas.mobi
  - DOMAIN-SUFFIX,nexage.com
  - DOMAIN-SUFFIX,nr-data.net
  - DOMAIN-SUFFIX,offerstrack.net
  - DOMAIN-SUFFIX,omtrdc.net
  - DOMAIN-SUFFIX,outbrain.com
  - DOMAIN-SUFFIX,parsely.com
  - DOMAIN-SUFFIX,peak-adx.com
  - DOMAIN-SUFFIX,personaly.click
  - DOMAIN-SUFFIX,popads.com
  - DOMAIN-SUFFIX,popads.net
  - DOMAIN-SUFFIX,propellerads.com
  - DOMAIN-SUFFIX,pubnative.net
  - DOMAIN-SUFFIX,qchannel01.cn
  - DOMAIN-SUFFIX,qualtrics.com
  - DOMAIN-SUFFIX,quantserve.com
  - DOMAIN-SUFFIX,quixdtrk.com
  - DOMAIN-SUFFIX,rayjump.com
  - DOMAIN-SUFFIX,rubiconproject.com
  - DOMAIN-SUFFIX,scorecardresearch.com
  - DOMAIN-SUFFIX,serving-sys.com
  - DOMAIN-SUFFIX,simplepath.com
  - DOMAIN-SUFFIX,skimresources.com
  - DOMAIN-SUFFIX,smardroid.com
  - DOMAIN-SUFFIX,smartadserver.com
  - DOMAIN-SUFFIX,snnd.co
  - DOMAIN-SUFFIX,sonobi.com
  - DOMAIN-SUFFIX,starmobs.com
  - DOMAIN-SUFFIX,startappexchange.com
  - DOMAIN-SUFFIX,startappservice.com
  - DOMAIN-SUFFIX,storygize.net
  - DOMAIN-SUFFIX,summerhamster.com
  - DOMAIN-SUFFIX,supersonicads.com
  - DOMAIN-SUFFIX,taboola.com
  - DOMAIN-SUFFIX,tagtic.cn
  - DOMAIN-SUFFIX,talkingdata.com
  - DOMAIN-SUFFIX,tango-deg.com
  - DOMAIN-SUFFIX,tanv.com
  - DOMAIN-SUFFIX,tanx.com
  - DOMAIN-SUFFIX,tapad.com
  - DOMAIN-SUFFIX,taplytics.com
  - DOMAIN-SUFFIX,taptica.com
  - DOMAIN-SUFFIX,testplus.cn
  - DOMAIN-SUFFIX,trackclickers.com
  - DOMAIN-SUFFIX,trafficjunky.net
  - DOMAIN-SUFFIX,trustx.org
  - DOMAIN-SUFFIX,tuanxue360.net
  - DOMAIN-SUFFIX,turn.com
  - DOMAIN-SUFFIX,uberads.com
  - DOMAIN-SUFFIX,udrig.com
  - DOMAIN-SUFFIX,upcpi.com
  - DOMAIN-SUFFIX,urbanairship.com
  - DOMAIN-SUFFIX,usebutton.com
  - DOMAIN-SUFFIX,voiceads.cn
  - DOMAIN-SUFFIX,vrtcal.com
  - DOMAIN-SUFFIX,vserv.mobi
  - DOMAIN-SUFFIX,vungle.com
  - DOMAIN-SUFFIX,webspectator.com
  - DOMAIN-SUFFIX,xadchina.cn
  - DOMAIN-SUFFIX,xdrig.com
  - DOMAIN-SUFFIX,yldbt.com
  - DOMAIN-SUFFIX,yllix.com
  - DOMAIN-SUFFIX,ymtracking.com
  - DOMAIN-SUFFIX,ad.daum.net
  - DOMAIN-SUFFIX,track.xiachufang.com
  - DOMAIN,log.umsns.com
  - DOMAIN,log.snssdk.com
  - DOMAIN,toblog.snssdk.com
  - DOMAIN,wgo.mmstat.com
  - DOMAIN,report.jpush.cn
  - DOMAIN,static.jpush.cn
  - DOMAIN,stats.jpush.cn
  - DOMAIN,stats.umsns.com
  - DOMAIN,s0.2mdn.net
  - DOMAIN,appnext.hs.llnwd.net
  - DOMAIN,appnext-a.akamaihd.net
  - DOMAIN,abema-adx.ameba.jp
  - DOMAIN,ad.12306.cn
  - DOMAIN,ad.caiyunapp.com
  - DOMAIN,ad.huajiao.com
  - DOMAIN,ad.hzyoka.com
  - DOMAIN,ad.jiemian.com
  - DOMAIN,ad.qingting.fm
  - DOMAIN,ad-cn.jovcloud.com
  - DOMAIN,adsapi.manhuaren.com
  - DOMAIN,adsdk.dmzj.com
  - DOMAIN,ads.daydaycook.com.cn
  - DOMAIN,adui.tg.meitu.com
  - DOMAIN,adx.hupu.com
  - DOMAIN,adxserver.ad.cmvideo.cn
  - DOMAIN,app-ad.variflight.com
  - DOMAIN,applog.mobike.com
  - DOMAIN,ggs.myzaker.com
  - DOMAIN,ja.chushou.tv
  - DOMAIN,log.b612kaji.com
  - DOMAIN,log.star.ele.me
  - DOMAIN,log.voicecloud.cn
  - DOMAIN,log.ys7.com
  - DOMAIN,logs.chelaile.net.cn
  - DOMAIN,mopnativeadv.037201.com
  - DOMAIN,nativeadv.dftoutiao.com
  - DOMAIN,optimus-ads.amap.com
  - DOMAIN,static.vuevideo.net
  - DOMAIN,sugar.zhihu.com
  - DOMAIN,track.tiara.daum.net
  - DOMAIN,track.tiara.kakao.com
  - DOMAIN,trackapp.guahao.cn
  - DOMAIN,traffic.mogujie.com
  - DOMAIN,wmlog.meituan.com
  - DOMAIN,adshow.58.com
  - DOMAIN,track.58.com
  - DOMAIN,tracklog.58.com
  - DOMAIN-SUFFIX,iadsdk.apple.com
  - DOMAIN-SUFFIX,ads.internal.unity3d.com
  - DOMAIN-SUFFIX,ads.prd.ie.internal.unity3d.com
  - DOMAIN-SUFFIX,unityads.unity3d.com
  - DOMAIN,acs4baichuan.m.taobao.com
  - DOMAIN,adash.m.taobao.com
  - DOMAIN,adash.man.aliyuncs.com
  - DOMAIN,adashbc.ut.taobao.com
  - DOMAIN,adash-c.ut.taobao.com
  - DOMAIN,adashxgc.ut.taobao.com
  - DOMAIN,adashx4yt.m.taobao.com
  - DOMAIN,amdc.m.taobao.com
  - DOMAIN,apoll.m.taobao.com
  - DOMAIN,nbsdk-baichuan.alicdn.com
  - DOMAIN,tunion-api.m.taobao.com
  - DOMAIN,adproxy.autohome.com.cn
  - DOMAIN,rd.autohome.com.cn
  - DOMAIN,al.autohome.com.cn
  - DOMAIN,applogapi.autohome.com.cn
  - DOMAIN-SUFFIX,baidustatic.com
  - DOMAIN,afd.baidu.com
  - DOMAIN,duclick.baidu.com
  - DOMAIN,hm.baidu.com
  - DOMAIN,hmma.baidu.com
  - DOMAIN,mobads.baidu.com
  - DOMAIN,mobads-logs.baidu.com
  - DOMAIN,nsclick.baidu.com
  - DOMAIN,wn.pos.baidu.com
  - DOMAIN,applog.musical.ly
  - DOMAIN,track.toutiao.com
  - DOMAIN,xlog.snssdk.com
  - DOMAIN,xlog-va.byteoversea.com
  - DOMAIN,adx.yiche.com
  - DOMAIN,log.ycapp.yiche.com
  - DOMAIN,advertise.baicizhan.org
  - DOMAIN,advertise.baicizhan.com
  - DOMAIN,galaxy.bjcathay.com
  - DOMAIN,mdrecv.app.cntvwb.cn
  - DOMAIN,sdapprecv.app.cntvwb.cn
  - DOMAIN,vdapprecv.app.cntvwb.cn
  - DOMAIN,admarket.21cn.com
  - DOMAIN,adshows.21cn.com
  - DOMAIN-SUFFIX,doubleclick.net
  - DOMAIN-SUFFIX,googleadservices.com
  - DOMAIN-SUFFIX,googleadsserving.cn
  - DOMAIN-SUFFIX,googlesyndication.com
  - DOMAIN-SUFFIX,googletagmanager.com
  - DOMAIN-SUFFIX,googletagservices.com
  - DOMAIN-SUFFIX,google-analytics.com
  - DOMAIN-SUFFIX,da.mgtv.com
  - DOMAIN-SUFFIX,da.hunantv.com
  - DOMAIN-SUFFIX,log.hunantv.com
  - DOMAIN,log.v2.hunantv.com
  - DOMAIN,v2.log.hunantv.com
  - DOMAIN,ifacelog.iqiyi.com
  - DOMAIN,mbdlog.iqiyi.com
  - DOMAIN,msg.71.am
  - DOMAIN,msg.qy.net
  - DOMAIN,t7z.cupid.iqiyi.com
  - DOMAIN,adserviceretry.kugou.com
  - DOMAIN,ads.service.kugou.com
  - DOMAIN,adsfile.bssdlbig.kugou.com
  - DOMAIN,log.stat.kugou.com
  - DOMAIN,log.web.kugou.com
  - DOMAIN,kgmobilestat.kugou.com
  - DOMAIN,kgmobilestatbak.kugou.com
  - DOMAIN,mobilelog.kugou.com
  - DOMAIN,mobilead.kuwo.cn
  - DOMAIN,rich.kuwo.cn
  - DOMAIN,ad-stat.ksosoft.com
  - DOMAIN,img.auction-ads.wpscdn.cn
  - DOMAIN-SUFFIX,webp2p.letv.com
  - DOMAIN,ark.letv.com
  - DOMAIN,emma-414870e223.huodonghezi.com
  - DOMAIN,g3.letv.com
  - DOMAIN,n.mark.letv.com
  - DOMAIN-SUFFIX,ad.xiaomi.com
  - DOMAIN-SUFFIX,admob.xiaomi.com
  - DOMAIN-SUFFIX,ad.intl.xiaomi.com
  - DOMAIN-SUFFIX,data.mistat.xiaomi.com
  - DOMAIN-SUFFIX,tracking.miui.com
  - DOMAIN,adv.sec.miui.com
  - DOMAIN,adv.sec.intl.miui.com
  - DOMAIN,o2o.api.xiaomi.com
  - DOMAIN,ad.api.moji.com
  - DOMAIN,adlaunch.moji.com
  - DOMAIN,ads.mojicdn.com
  - DOMAIN,v1.log.moji.com
  - DOMAIN,minfo.wps.cn
  - DOMAIN,ad.bn.netease.com
  - DOMAIN,ad.yixin.im
  - DOMAIN,admusicpic.music.126.net
  - DOMAIN,iadmat.nosdn.127.net
  - DOMAIN,iadmusicmat.music.126.net
  - DOMAIN,iadmusicmatvideo.music.126.net
  - DOMAIN,impservice.dictapp.youdao.com
  - DOMAIN,impservice.youdao.com
  - DOMAIN,log.yex.youdao.com
  - DOMAIN,log-yex.youdao.com
  - DOMAIN,n.3g.163.com
  - DOMAIN,nex.163.com
  - DOMAIN,yt-adp.nosdn.127.net
  - DOMAIN,ads.aplus.pptv.com
  - DOMAIN,asimgs.pplive.cn
  - DOMAIN,de.as.pptv.com
  - DOMAIN,regist.fotoable.com
  - DOMAIN,cdn.adapi.fotoable.com
  - DOMAIN,adnew.wifi8.com
  - DOMAIN,adfile.wifi8.com
  - DOMAIN,u1.img.mobile.sina.cn
  - DOMAIN,sax.sina.com.cn
  - DOMAIN,saxs.sina.com.cn
  - DOMAIN,saxn.sina.com.cn
  - DOMAIN-SUFFIX,ads.sohu.com
  - DOMAIN-SUFFIX,aty.sohu.com
  - DOMAIN,imp.optaim.com
  - DOMAIN,v2.reachmax.cn
  - DOMAIN,track.sohu.com
  - DOMAIN,hui.sohu.com
  - DOMAIN-SUFFIX,e.qq.com
  - DOMAIN-SUFFIX,gdt.qq.com
  - DOMAIN-SUFFIX,rqd.qq.com
  - DOMAIN,btrace.qq.com
  - DOMAIN,mtrace.qq.com
  - DOMAIN,oth.eve.mdt.qq.com
  - DOMAIN,pingma.qq.com
  - DOMAIN,pingtcss.qq.com
  - DOMAIN,splashqqlive.gtimg.com
  - DOMAIN,tajs.qq.com
  - DOMAIN,imgadpai.thepaper.cn
  - DOMAIN,admonitor.thepaper.cn
  - DOMAIN,adsp.xunlei.com
  - DOMAIN,etl.xlmc.sandai.net
  - DOMAIN,adm.10jqka.com.cn
  - DOMAIN,stat.10jqka.com.cn
  - DOMAIN,ad-analysis.pconline.com.cn
  - DOMAIN,iad0ssl.pcauto.com.cn
  - DOMAIN,iad0ssl.pconline.com.cn
  - DOMAIN,imgad0.pcauto.com.cn
  - DOMAIN,imgad0.pconline.com.cn
  - DOMAIN,ivy.pchouse.com.cn
  - DOMAIN,adtrack.ucweb.com
  - DOMAIN,applogios.uc.cn
  - DOMAIN,track.uc.cn
  - DOMAIN,a.wkanx.com
  - DOMAIN,cwx.lianwangtech.com
  - DOMAIN,c1wx.lianwangtech.com
  - DOMAIN,ad.ximalaya.com
  - DOMAIN,adse.ximalaya.com
  - DOMAIN,t-ads.xiaohongshu.com
  - DOMAIN,apm-track.xiaohongshu.com
  - DOMAIN-SUFFIX,atm.youku.com
  - DOMAIN,ad.mobile.youku.com
  - DOMAIN,iyes.youku.com
  - DOMAIN,apppv.zol.com.cn
  - DOMAIN,pvnapp.zol.com.cn
  - DOMAIN-SUFFIX,17gouwuba.com
  - DOMAIN-SUFFIX,189zj.cn
  - DOMAIN-SUFFIX,285680.com
  - DOMAIN-SUFFIX,3721zh.com
  - DOMAIN-SUFFIX,4336wang.cn
  - DOMAIN-SUFFIX,51chumoping.com
  - DOMAIN-SUFFIX,58mingri.cn
  - DOMAIN-SUFFIX,58mingtian.cn
  - DOMAIN-SUFFIX,6d63d3.com
  - DOMAIN-SUFFIX,91veg.com
  - DOMAIN-SUFFIX,9s6q.cn
  - DOMAIN-SUFFIX,adsame.com
  - DOMAIN-SUFFIX,aiclk.com
  - DOMAIN-SUFFIX,akuai.top
  - DOMAIN-SUFFIX,atplay.cn
  - DOMAIN-SUFFIX,baiwanchuangyi.com
  - DOMAIN-SUFFIX,bayimob.com
  - DOMAIN-SUFFIX,beerto.cn
  - DOMAIN-SUFFIX,beilamusi.com
  - DOMAIN-SUFFIX,benshiw.net
  - DOMAIN-SUFFIX,bianxianmao.com
  - DOMAIN-SUFFIX,bryonypie.com
  - DOMAIN-SUFFIX,cishantao.com
  - DOMAIN-SUFFIX,cszlks.com
  - DOMAIN-SUFFIX,cudaojia.com
  - DOMAIN-SUFFIX,dafapromo.com
  - DOMAIN-SUFFIX,daitdai.com
  - DOMAIN-SUFFIX,dsaeerf.com
  - DOMAIN-SUFFIX,dugesheying.com
  - DOMAIN-SUFFIX,dv8c1t.cn
  - DOMAIN-SUFFIX,erdoscs.com
  - DOMAIN-SUFFIX,fan-yong.com
  - DOMAIN-SUFFIX,feih.com.cn
  - DOMAIN-SUFFIX,fjlqqc.com
  - DOMAIN-SUFFIX,fkku194.com
  - DOMAIN-SUFFIX,freedrive.cn
  - DOMAIN-SUFFIX,gclick.cn
  - DOMAIN-SUFFIX,goufanli100.com
  - DOMAIN-SUFFIX,gouwubang.com
  - DOMAIN-SUFFIX,haoshengtoys.com
  - DOMAIN-SUFFIX,ichaosheng.com
  - DOMAIN-SUFFIX,ishop789.com
  - DOMAIN-SUFFIX,jdkic.com
  - DOMAIN-SUFFIX,jiubuhua.com
  - DOMAIN-SUFFIX,jwg365.cn
  - DOMAIN-SUFFIX,kumihua.com
  - DOMAIN-SUFFIX,linktech.cn
  - DOMAIN-SUFFIX,ltheanine.cn
  - DOMAIN-SUFFIX,maipinshangmao.com
  - DOMAIN-SUFFIX,minisplat.cn
  - DOMAIN-SUFFIX,mkitgfs.com
  - DOMAIN-SUFFIX,mlnbike.com
  - DOMAIN-SUFFIX,newapi.com
  - DOMAIN-SUFFIX,pinzhitmall.com
  - DOMAIN-SUFFIX,poppyta.com
  - DOMAIN-SUFFIX,qichexin.com
  - DOMAIN-SUFFIX,qinchugudao.com
  - DOMAIN-SUFFIX,quanliyouxi.cn
  - DOMAIN-SUFFIX,qutaobi.com
  - DOMAIN-SUFFIX,ry51w.cn
  - DOMAIN-SUFFIX,sg536.cn
  - DOMAIN-SUFFIX,sifubo.cn
  - DOMAIN-SUFFIX,sifuce.cn
  - DOMAIN-SUFFIX,sifuda.cn
  - DOMAIN-SUFFIX,sifufu.cn
  - DOMAIN-SUFFIX,sifuge.cn
  - DOMAIN-SUFFIX,sifugu.cn
  - DOMAIN-SUFFIX,sifuhe.cn
  - DOMAIN-SUFFIX,sifuhu.cn
  - DOMAIN-SUFFIX,sifuji.cn
  - DOMAIN-SUFFIX,sifuka.cn
  - DOMAIN-SUFFIX,smgru.net
  - DOMAIN-SUFFIX,taoggou.com
  - DOMAIN-SUFFIX,tcxshop.com
  - DOMAIN-SUFFIX,tjqonline.cn
  - DOMAIN-SUFFIX,topitme.com
  - DOMAIN-SUFFIX,tuia.cn
  - DOMAIN-SUFFIX,tuipenguin.com
  - DOMAIN-SUFFIX,tuitiger.com
  - DOMAIN-SUFFIX,wx16999.com
  - DOMAIN-SUFFIX,xiaohuau.xyz
  - DOMAIN-SUFFIX,yinmong.com
  - DOMAIN-SUFFIX,yiqifa.com
  - DOMAIN-SUFFIX,yitaopt.com
  - DOMAIN-SUFFIX,yukhj.com
  - DOMAIN-SUFFIX,zhaozecheng.cn
  - DOMAIN-SUFFIX,zhenxinet.com
  - DOMAIN-SUFFIX,zunmi.cn
  - DOMAIN-SUFFIX,zzd6.com
  - DOMAIN-SUFFIX,kuaizip.com
  - DOMAIN-SUFFIX,mackeeper.com
  - DOMAIN-SUFFIX,4009997658.com
  - DOMAIN-SUFFIX,abbyychina.com
  - DOMAIN-SUFFIX,bartender.cc
  - DOMAIN-SUFFIX,betterzip.net
  - DOMAIN-SUFFIX,beyondcompare.cc
  - DOMAIN-SUFFIX,bingdianhuanyuan.cn
  - DOMAIN-SUFFIX,chemdraw.com.cn
  - DOMAIN-SUFFIX,cjmakeding.com
  - DOMAIN-SUFFIX,cjmkt.com
  - DOMAIN-SUFFIX,codesoftchina.com
  - DOMAIN-SUFFIX,coreldrawchina.com
  - DOMAIN-SUFFIX,crossoverchina.com
  - DOMAIN-SUFFIX,easyrecoverychina.com
  - DOMAIN-SUFFIX,ediuschina.com
  - DOMAIN-SUFFIX,flstudiochina.com
  - DOMAIN-SUFFIX,formysql.com
  - DOMAIN-SUFFIX,guitarpro.cc
  - DOMAIN-SUFFIX,huishenghuiying.com.cn
  - DOMAIN-SUFFIX,hypersnap.net
  - DOMAIN-SUFFIX,iconworkshop.cn
  - DOMAIN-SUFFIX,imindmap.cc
  - DOMAIN-SUFFIX,jihehuaban.com.cn
  - DOMAIN-SUFFIX,keyshot.cc
  - DOMAIN-SUFFIX,kingdeecn.cn
  - DOMAIN-SUFFIX,logoshejishi.com
  - DOMAIN-SUFFIX,mairuan.cn
  - DOMAIN-SUFFIX,mairuan.com
  - DOMAIN-SUFFIX,mairuan.com.cn
  - DOMAIN-SUFFIX,mairuan.net
  - DOMAIN-SUFFIX,mairuanwang.com
  - DOMAIN-SUFFIX,makeding.com
  - DOMAIN-SUFFIX,mathtype.cn
  - DOMAIN-SUFFIX,mindmanager.cc
  - DOMAIN-SUFFIX,mindmapper.cc
  - DOMAIN-SUFFIX,mycleanmymac.com
  - DOMAIN-SUFFIX,nicelabel.cc
  - DOMAIN-SUFFIX,ntfsformac.cc
  - DOMAIN-SUFFIX,ntfsformac.cn
  - DOMAIN-SUFFIX,overturechina.com
  - DOMAIN-SUFFIX,passwordrecovery.cn
  - DOMAIN-SUFFIX,pdfexpert.cc
  - DOMAIN-SUFFIX,shankejingling.com
  - DOMAIN-SUFFIX,ultraiso.net
  - DOMAIN-SUFFIX,vegaschina.cn
  - DOMAIN-SUFFIX,xmindchina.net
  - DOMAIN-SUFFIX,xshellcn.com
  - DOMAIN-SUFFIX,yihuifu.cn
  - DOMAIN-SUFFIX,yuanchengxiezuo.com
  - DOMAIN-SUFFIX,zbrushcn.com
  - DOMAIN-SUFFIX,zhzzx.com
  - DOMAIN-SUFFIX,byteoversea.com
  - DOMAIN-SUFFIX,ibytedtos.com
  - DOMAIN-SUFFIX,ipstatp.com
  - DOMAIN-SUFFIX,muscdn.com
  - DOMAIN-SUFFIX,musical.ly
